// !$*UTF8*$!
{
	archiveVersion = 1;
	classes = {
	};
	objectVersion = 77;
	objects = {

/* Begin PBXBuildFile section */
		431A99B12FFC6174001FBF93 /* ContentView.swift in Sources */ = {isa = PBXBuildFile; fileRef = 431A99AE2FFC6058001FBF93 /* ContentView.swift */; };
		431A99B22FFC619F001FBF93 /* Erste_HilfeApp.swift in Sources */ = {isa = PBXBuildFile; fileRef = 431A99AF2FFC6058001FBF93 /* Erste_HilfeApp.swift */; };
		431A99B32FFC61A6001FBF93 /* WebView.swift in Sources */ = {isa = PBXBuildFile; fileRef = 431A99B02FFC6058001FBF93 /* WebView.swift */; };
		431A99B42FFC61AD001FBF93 /* Assets.xcassets in Resources */ = {isa = PBXBuildFile; fileRef = 431A99AD2FFC6058001FBF93 /* Assets.xcassets */; };
		431A99B52FFC61E3001FBF93 /* app.html in Resources */ = {isa = PBXBuildFile; fileRef = 431A99AC2FFC6058001FBF93 /* app.html */; };
		431A99B72FFC6A7F001FBF93 /* HomeView.swift in Sources */ = {isa = PBXBuildFile; fileRef = 431A99B62FFC6A70001FBF93 /* HomeView.swift */; };
		431A99B92FFC6B17001FBF93 /* HomeCard.swift in Sources */ = {isa = PBXBuildFile; fileRef = 431A99B82FFC6B13001FBF93 /* HomeCard.swift */; };
		431A99BB2FFC6C64001FBF93 /* EmergencyView.swift in Sources */ = {isa = PBXBuildFile; fileRef = 431A99BA2FFC6C5F001FBF93 /* EmergencyView.swift */; };
		431A99BD2FFC6DBF001FBF93 /* UnconsciousFlowView.swift in Sources */ = {isa = PBXBuildFile; fileRef = 431A99BC2FFC6DBB001FBF93 /* UnconsciousFlowView.swift */; };
		431A99BF2FFC6EB9001FBF93 /* PrimaryButton.swift in Sources */ = {isa = PBXBuildFile; fileRef = 431A99BE2FFC6EB6001FBF93 /* PrimaryButton.swift */; };
		431A99C12FFC6F7F001FBF93 /* WarningCard.swift in Sources */ = {isa = PBXBuildFile; fileRef = 431A99C02FFC6F7C001FBF93 /* WarningCard.swift */; };
		431A99C32FFC6FC4001FBF93 /* EmergencyHeader.swift in Sources */ = {isa = PBXBuildFile; fileRef = 431A99C22FFC6FC1001FBF93 /* EmergencyHeader.swift */; };
		431A99C52FFC70E3001FBF93 /* InfoCard.swift in Sources */ = {isa = PBXBuildFile; fileRef = 431A99C42FFC70E1001FBF93 /* InfoCard.swift */; };
		431A99C72FFC741E001FBF93 /* KnowledgeView.swift in Sources */ = {isa = PBXBuildFile; fileRef = 431A99C62FFC741C001FBF93 /* KnowledgeView.swift */; };
		431A99C92FFC742F001FBF93 /* FavoritesView.swift in Sources */ = {isa = PBXBuildFile; fileRef = 431A99C82FFC742C001FBF93 /* FavoritesView.swift */; };
		431A99CB2FFC743E001FBF93 /* SettingsView.swift in Sources */ = {isa = PBXBuildFile; fileRef = 431A99CA2FFC743B001FBF93 /* SettingsView.swift */; };
		431A99CD2FFC761A001FBF93 /* PanicModeView.swift in Sources */ = {isa = PBXBuildFile; fileRef = 431A99CC2FFC7616001FBF93 /* PanicModeView.swift */; };
		431A99CF2FFC775A001FBF93 /* EmergencyDecisionView.swift in Sources */ = {isa = PBXBuildFile; fileRef = 431A99CE2FFC7757001FBF93 /* EmergencyDecisionView.swift */; };
		431A99D12FFC77E7001FBF93 /* BreathingDecisionView.swift in Sources */ = {isa = PBXBuildFile; fileRef = 431A99D02FFC77E3001FBF93 /* BreathingDecisionView.swift */; };
		431A99D52FFC7C8D001FBF93 /* ROADMAP.md in Resources */ = {isa = PBXBuildFile; fileRef = 431A99D42FFC7C89001FBF93 /* ROADMAP.md */; };
		431A99D72FFC7F38001FBF93 /* CPRCounter.swift in Sources */ = {isa = PBXBuildFile; fileRef = 431A99D62FFC7F35001FBF93 /* CPRCounter.swift */; };
		431A99D92FFC7F8F001FBF93 /* CPRPulseView.swift in Sources */ = {isa = PBXBuildFile; fileRef = 431A99D82FFC7F8C001FBF93 /* CPRPulseView.swift */; };
		431A99DB2FFC7FC4001FBF93 /* CPRBreathingView.swift in Sources */ = {isa = PBXBuildFile; fileRef = 431A99DA2FFC7FBE001FBF93 /* CPRBreathingView.swift */; };
		431A99DE2FFC8D9F001FBF93 /* CPRView.swift in Sources */ = {isa = PBXBuildFile; fileRef = 431A99DD2FFC8D5D001FBF93 /* CPRView.swift */; };
		439913252FFF0C02005CFFB4 /* BUGS.md in Resources */ = {isa = PBXBuildFile; fileRef = 439913232FFF0C02005CFFB4 /* BUGS.md */; };
		439913262FFF0C02005CFFB4 /* CPRDemoView.swift in Sources */ = {isa = PBXBuildFile; fileRef = 439913242FFF0C02005CFFB4 /* CPRDemoView.swift */; };
		439913282FFF0C81005CFFB4 /* CPRSessionView.swift in Sources */ = {isa = PBXBuildFile; fileRef = 439913272FFF0C81005CFFB4 /* CPRSessionView.swift */; };
/* End PBXBuildFile section */

/* Begin PBXFileReference section */
		431A99AC2FFC6058001FBF93 /* app.html */ = {isa = PBXFileReference; lastKnownFileType = text.html; path = app.html; sourceTree = "<group>"; };
		431A99AD2FFC6058001FBF93 /* Assets.xcassets */ = {isa = PBXFileReference; lastKnownFileType = folder.assetcatalog; path = Assets.xcassets; sourceTree = "<group>"; };
		431A99AE2FFC6058001FBF93 /* ContentView.swift */ = {isa = PBXFileReference; lastKnownFileType = sourcecode.swift; path = ContentView.swift; sourceTree = "<group>"; };
		431A99AF2FFC6058001FBF93 /* Erste_HilfeApp.swift */ = {isa = PBXFileReference; lastKnownFileType = sourcecode.swift; path = Erste_HilfeApp.swift; sourceTree = "<group>"; };
		431A99B02FFC6058001FBF93 /* WebView.swift */ = {isa = PBXFileReference; lastKnownFileType = sourcecode.swift; path = WebView.swift; sourceTree = "<group>"; };
		431A99B62FFC6A70001FBF93 /* HomeView.swift */ = {isa = PBXFileReference; lastKnownFileType = sourcecode.swift; path = HomeView.swift; sourceTree = "<group>"; };
		431A99B82FFC6B13001FBF93 /* HomeCard.swift */ = {isa = PBXFileReference; lastKnownFileType = sourcecode.swift; path = HomeCard.swift; sourceTree = "<group>"; };
		431A99BA2FFC6C5F001FBF93 /* EmergencyView.swift */ = {isa = PBXFileReference; lastKnownFileType = sourcecode.swift; path = EmergencyView.swift; sourceTree = "<group>"; };
		431A99BC2FFC6DBB001FBF93 /* UnconsciousFlowView.swift */ = {isa = PBXFileReference; lastKnownFileType = sourcecode.swift; path = UnconsciousFlowView.swift; sourceTree = "<group>"; };
		431A99BE2FFC6EB6001FBF93 /* PrimaryButton.swift */ = {isa = PBXFileReference; lastKnownFileType = sourcecode.swift; path = PrimaryButton.swift; sourceTree = "<group>"; };
		431A99C02FFC6F7C001FBF93 /* WarningCard.swift */ = {isa = PBXFileReference; lastKnownFileType = sourcecode.swift; path = WarningCard.swift; sourceTree = "<group>"; };
		431A99C22FFC6FC1001FBF93 /* EmergencyHeader.swift */ = {isa = PBXFileReference; lastKnownFileType = sourcecode.swift; path = EmergencyHeader.swift; sourceTree = "<group>"; };
		431A99C42FFC70E1001FBF93 /* InfoCard.swift */ = {isa = PBXFileReference; lastKnownFileType = sourcecode.swift; path = InfoCard.swift; sourceTree = "<group>"; };
		431A99C62FFC741C001FBF93 /* KnowledgeView.swift */ = {isa = PBXFileReference; lastKnownFileType = sourcecode.swift; path = KnowledgeView.swift; sourceTree = "<group>"; };
		431A99C82FFC742C001FBF93 /* FavoritesView.swift */ = {isa = PBXFileReference; lastKnownFileType = sourcecode.swift; path = FavoritesView.swift; sourceTree = "<group>"; };
		431A99CA2FFC743B001FBF93 /* SettingsView.swift */ = {isa = PBXFileReference; lastKnownFileType = sourcecode.swift; path = SettingsView.swift; sourceTree = "<group>"; };
		431A99CC2FFC7616001FBF93 /* PanicModeView.swift */ = {isa = PBXFileReference; lastKnownFileType = sourcecode.swift; path = PanicModeView.swift; sourceTree = "<group>"; };
		431A99CE2FFC7757001FBF93 /* EmergencyDecisionView.swift */ = {isa = PBXFileReference; lastKnownFileType = sourcecode.swift; path = EmergencyDecisionView.swift; sourceTree = "<group>"; };
		431A99D02FFC77E3001FBF93 /* BreathingDecisionView.swift */ = {isa = PBXFileReference; lastKnownFileType = sourcecode.swift; path = BreathingDecisionView.swift; sourceTree = "<group>"; };
		431A99D42FFC7C89001FBF93 /* ROADMAP.md */ = {isa = PBXFileReference; lastKnownFileType = net.daringfireball.markdown; path = ROADMAP.md; sourceTree = "<group>"; };
		431A99D62FFC7F35001FBF93 /* CPRCounter.swift */ = {isa = PBXFileReference; lastKnownFileType = sourcecode.swift; path = CPRCounter.swift; sourceTree = "<group>"; };
		431A99D82FFC7F8C001FBF93 /* CPRPulseView.swift */ = {isa = PBXFileReference; lastKnownFileType = sourcecode.swift; path = CPRPulseView.swift; sourceTree = "<group>"; };
		431A99DA2FFC7FBE001FBF93 /* CPRBreathingView.swift */ = {isa = PBXFileReference; lastKnownFileType = sourcecode.swift; path = CPRBreathingView.swift; sourceTree = "<group>"; };
		431A99DD2FFC8D5D001FBF93 /* CPRView.swift */ = {isa = PBXFileReference; lastKnownFileType = sourcecode.swift; path = CPRView.swift; sourceTree = "<group>"; };
		4384B36E2FF1E56E00B04CD7 /* Erste Hilfe.app */ = {isa = PBXFileReference; explicitFileType = wrapper.application; includeInIndex = 0; path = "Erste Hilfe.app"; sourceTree = BUILT_PRODUCTS_DIR; };
		439913232FFF0C02005CFFB4 /* BUGS.md */ = {isa = PBXFileReference; lastKnownFileType = net.daringfireball.markdown; path = BUGS.md; sourceTree = "<group>"; };
		439913242FFF0C02005CFFB4 /* CPRDemoView.swift */ = {isa = PBXFileReference; lastKnownFileType = sourcecode.swift; path = CPRDemoView.swift; sourceTree = "<group>"; };
		439913272FFF0C81005CFFB4 /* CPRSessionView.swift */ = {isa = PBXFileReference; lastKnownFileType = sourcecode.swift; path = CPRSessionView.swift; sourceTree = "<group>"; };
/* End PBXFileReference section */

/* Begin PBXFrameworksBuildPhase section */
		4384B36B2FF1E56E00B04CD7 /* Frameworks */ = {
			isa = PBXFrameworksBuildPhase;
			buildActionMask = 2147483647;
			files = (
			);
			runOnlyForDeploymentPostprocessing = 0;
		};
/* End PBXFrameworksBuildPhase section */

/* Begin PBXGroup section */
		4384B3652FF1E56E00B04CD7 = {
			isa = PBXGroup;
			children = (
				431A99DD2FFC8D5D001FBF93 /* CPRView.swift */,
				439913232FFF0C02005CFFB4 /* BUGS.md */,
				439913242FFF0C02005CFFB4 /* CPRDemoView.swift */,
				439913272FFF0C81005CFFB4 /* CPRSessionView.swift */,
				431A99DA2FFC7FBE001FBF93 /* CPRBreathingView.swift */,
				431A99D82FFC7F8C001FBF93 /* CPRPulseView.swift */,
				431A99D62FFC7F35001FBF93 /* CPRCounter.swift */,
				431A99D42FFC7C89001FBF93 /* ROADMAP.md */,
				431A99D02FFC77E3001FBF93 /* BreathingDecisionView.swift */,
				431A99CE2FFC7757001FBF93 /* EmergencyDecisionView.swift */,
				431A99CC2FFC7616001FBF93 /* PanicModeView.swift */,
				431A99CA2FFC743B001FBF93 /* SettingsView.swift */,
				431A99C82FFC742C001FBF93 /* FavoritesView.swift */,
				431A99C62FFC741C001FBF93 /* KnowledgeView.swift */,
				431A99C42FFC70E1001FBF93 /* InfoCard.swift */,
				431A99C22FFC6FC1001FBF93 /* EmergencyHeader.swift */,
				431A99C02FFC6F7C001FBF93 /* WarningCard.swift */,
				431A99BE2FFC6EB6001FBF93 /* PrimaryButton.swift */,
				431A99BC2FFC6DBB001FBF93 /* UnconsciousFlowView.swift */,
				431A99BA2FFC6C5F001FBF93 /* EmergencyView.swift */,
				431A99B82FFC6B13001FBF93 /* HomeCard.swift */,
				431A99B62FFC6A70001FBF93 /* HomeView.swift */,
				431A99AC2FFC6058001FBF93 /* app.html */,
				431A99AD2FFC6058001FBF93 /* Assets.xcassets */,
				431A99AE2FFC6058001FBF93 /* ContentView.swift */,
				431A99AF2FFC6058001FBF93 /* Erste_HilfeApp.swift */,
				431A99B02FFC6058001FBF93 /* WebView.swift */,
				4384B36F2FF1E56E00B04CD7 /* Products */,
			);
			sourceTree = "<group>";
		};
		4384B36F2FF1E56E00B04CD7 /* Products */ = {
			isa = PBXGroup;
			children = (
				4384B36E2FF1E56E00B04CD7 /* Erste Hilfe.app */,
			);
			name = Products;
			sourceTree = "<group>";
		};
/* End PBXGroup section */

/* Begin PBXNativeTarget section */
		4384B36D2FF1E56E00B04CD7 /* Erste Hilfe */ = {
			isa = PBXNativeTarget;
			buildConfigurationList = 4384B3792FF1E56F00B04CD7 /* Build configuration list for PBXNativeTarget "Erste Hilfe" */;
			buildPhases = (
				4384B36A2FF1E56E00B04CD7 /* Sources */,
				4384B36B2FF1E56E00B04CD7 /* Frameworks */,
				4384B36C2FF1E56E00B04CD7 /* Resources */,
			);
			buildRules = (
			);
			dependencies = (
			);
			name = "Erste Hilfe";
			packageProductDependencies = (
			);
			productName = "Erste Hilfe";
			productReference = 4384B36E2FF1E56E00B04CD7 /* Erste Hilfe.app */;
			productType = "com.apple.product-type.application";
		};
/* End PBXNativeTarget section */

/* Begin PBXProject section */
		4384B3662FF1E56E00B04CD7 /* Project object */ = {
			isa = PBXProject;
			attributes = {
				BuildIndependentTargetsInParallel = 1;
				LastSwiftUpdateCheck = 2660;
				LastUpgradeCheck = 2660;
				TargetAttributes = {
					4384B36D2FF1E56E00B04CD7 = {
						CreatedOnToolsVersion = 26.6;
					};
				};
			};
			buildConfigurationList = 4384B3692FF1E56E00B04CD7 /* Build configuration list for PBXProject "Erste Hilfe" */;
			developmentRegion = en;
			hasScannedForEncodings = 0;
			knownRegions = (
				en,
				Base,
			);
			mainGroup = 4384B3652FF1E56E00B04CD7;
			minimizedProjectReferenceProxies = 1;
			preferredProjectObjectVersion = 77;
			productRefGroup = 4384B36F2FF1E56E00B04CD7 /* Products */;
			projectDirPath = "";
			projectRoot = "";
			targets = (
				4384B36D2FF1E56E00B04CD7 /* Erste Hilfe */,
			);
		};
/* End PBXProject section */

/* Begin PBXResourcesBuildPhase section */
		4384B36C2FF1E56E00B04CD7 /* Resources */ = {
			isa = PBXResourcesBuildPhase;
			buildActionMask = 2147483647;
			files = (
				431A99B52FFC61E3001FBF93 /* app.html in Resources */,
				431A99D52FFC7C8D001FBF93 /* ROADMAP.md in Resources */,
				431A99B42FFC61AD001FBF93 /* Assets.xcassets in Resources */,
				439913252FFF0C02005CFFB4 /* BUGS.md in Resources */,
			);
			runOnlyForDeploymentPostprocessing = 0;
		};
/* End PBXResourcesBuildPhase section */

/* Begin PBXSourcesBuildPhase section */
		4384B36A2FF1E56E00B04CD7 /* Sources */ = {
			isa = PBXSourcesBuildPhase;
			buildActionMask = 2147483647;
			files = (
				431A99B32FFC61A6001FBF93 /* WebView.swift in Sources */,
				431A99B72FFC6A7F001FBF93 /* HomeView.swift in Sources */,
				431A99D92FFC7F8F001FBF93 /* CPRPulseView.swift in Sources */,
				431A99C92FFC742F001FBF93 /* FavoritesView.swift in Sources */,
				431A99BD2FFC6DBF001FBF93 /* UnconsciousFlowView.swift in Sources */,
				431A99BB2FFC6C64001FBF93 /* EmergencyView.swift in Sources */,
				431A99C32FFC6FC4001FBF93 /* EmergencyHeader.swift in Sources */,
				431A99C72FFC741E001FBF93 /* KnowledgeView.swift in Sources */,
				431A99CB2FFC743E001FBF93 /* SettingsView.swift in Sources */,
				431A99B22FFC619F001FBF93 /* Erste_HilfeApp.swift in Sources */,
				431A99C52FFC70E3001FBF93 /* InfoCard.swift in Sources */,
				431A99B12FFC6174001FBF93 /* ContentView.swift in Sources */,
				439913282FFF0C81005CFFB4 /* CPRSessionView.swift in Sources */,
				431A99DE2FFC8D9F001FBF93 /* CPRView.swift in Sources */,
				439913262FFF0C02005CFFB4 /* CPRDemoView.swift in Sources */,
				431A99D72FFC7F38001FBF93 /* CPRCounter.swift in Sources */,
				431A99CD2FFC761A001FBF93 /* PanicModeView.swift in Sources */,
				431A99D12FFC77E7001FBF93 /* BreathingDecisionView.swift in Sources */,
				431A99BF2FFC6EB9001FBF93 /* PrimaryButton.swift in Sources */,
				431A99B92FFC6B17001FBF93 /* HomeCard.swift in Sources */,
				431A99DB2FFC7FC4001FBF93 /* CPRBreathingView.swift in Sources */,
				431A99CF2FFC775A001FBF93 /* EmergencyDecisionView.swift in Sources */,
				431A99C12FFC6F7F001FBF93 /* WarningCard.swift in Sources */,
			);
			runOnlyForDeploymentPostprocessing = 0;
		};
/* End PBXSourcesBuildPhase section */

/* Begin XCBuildConfiguration section */
		4384B3772FF1E56F00B04CD7 /* Debug */ = {
			isa = XCBuildConfiguration;
			buildSettings = {
				ALWAYS_SEARCH_USER_PATHS = NO;
				ASSETCATALOG_COMPILER_GENERATE_SWIFT_ASSET_SYMBOL_EXTENSIONS = YES;
				CLANG_ANALYZER_NONNULL = YES;
				CLANG_ANALYZER_NUMBER_OBJECT_CONVERSION = YES_AGGRESSIVE;
				CLANG_CXX_LANGUAGE_STANDARD = "gnu++20";
				CLANG_ENABLE_MODULES = YES;
				CLANG_ENABLE_OBJC_ARC = YES;
				CLANG_ENABLE_OBJC_WEAK = YES;
				CLANG_WARN_BLOCK_CAPTURE_AUTORELEASING = YES;
				CLANG_WARN_BOOL_CONVERSION = YES;
				CLANG_WARN_COMMA = YES;
				CLANG_WARN_CONSTANT_CONVERSION = YES;
				CLANG_WARN_DEPRECATED_OBJC_IMPLEMENTATIONS = YES;
				CLANG_WARN_DIRECT_OBJC_ISA_USAGE = YES_ERROR;
				CLANG_WARN_DOCUMENTATION_COMMENTS = YES;
				CLANG_WARN_EMPTY_BODY = YES;
				CLANG_WARN_ENUM_CONVERSION = YES;
				CLANG_WARN_INFINITE_RECURSION = YES;
				CLANG_WARN_INT_CONVERSION = YES;
				CLANG_WARN_NON_LITERAL_NULL_CONVERSION = YES;
				CLANG_WARN_OBJC_IMPLICIT_RETAIN_SELF = YES;
				CLANG_WARN_OBJC_LITERAL_CONVERSION = YES;
				CLANG_WARN_OBJC_ROOT_CLASS = YES_ERROR;
				CLANG_WARN_QUOTED_INCLUDE_IN_FRAMEWORK_HEADER = YES;
				CLANG_WARN_RANGE_LOOP_ANALYSIS = YES;
				CLANG_WARN_STRICT_PROTOTYPES = YES;
				CLANG_WARN_SUSPICIOUS_MOVE = YES;
				CLANG_WARN_UNGUARDED_AVAILABILITY = YES_AGGRESSIVE;
				CLANG_WARN_UNREACHABLE_CODE = YES;
				CLANG_WARN__DUPLICATE_METHOD_MATCH = YES;
				COPY_PHASE_STRIP = NO;
				DEBUG_INFORMATION_FORMAT = dwarf;
				DEVELOPMENT_TEAM = H82657DD25;
				ENABLE_STRICT_OBJC_MSGSEND = YES;
				ENABLE_TESTABILITY = YES;
				ENABLE_USER_SCRIPT_SANDBOXING = YES;
				GCC_C_LANGUAGE_STANDARD = gnu17;
				GCC_DYNAMIC_NO_PIC = NO;
				GCC_NO_COMMON_BLOCKS = YES;
				GCC_OPTIMIZATION_LEVEL = 0;
				GCC_PREPROCESSOR_DEFINITIONS = (
					"DEBUG=1",
					"$(inherited)",
				);
				GCC_WARN_64_TO_32_BIT_CONVERSION = YES;
				GCC_WARN_ABOUT_RETURN_TYPE = YES_ERROR;
				GCC_WARN_UNDECLARED_SELECTOR = YES;
				GCC_WARN_UNINITIALIZED_AUTOS = YES_AGGRESSIVE;
				GCC_WARN_UNUSED_FUNCTION = YES;
				GCC_WARN_UNUSED_VARIABLE = YES;
				IPHONEOS_DEPLOYMENT_TARGET = 26.5;
				LOCALIZATION_PREFERS_STRING_CATALOGS = YES;
				MTL_ENABLE_DEBUG_INFO = INCLUDE_SOURCE;
				MTL_FAST_MATH = YES;
				ONLY_ACTIVE_ARCH = YES;
				SDKROOT = iphoneos;
				SWIFT_ACTIVE_COMPILATION_CONDITIONS = "DEBUG $(inherited)";
				SWIFT_OPTIMIZATION_LEVEL = "-Onone";
			};
			name = Debug;
		};
		4384B3782FF1E56F00B04CD7 /* Release */ = {
			isa = XCBuildConfiguration;
			buildSettings = {
				ALWAYS_SEARCH_USER_PATHS = NO;
				ASSETCATALOG_COMPILER_GENERATE_SWIFT_ASSET_SYMBOL_EXTENSIONS = YES;
				CLANG_ANALYZER_NONNULL = YES;
				CLANG_ANALYZER_NUMBER_OBJECT_CONVERSION = YES_AGGRESSIVE;
				CLANG_CXX_LANGUAGE_STANDARD = "gnu++20";
				CLANG_ENABLE_MODULES = YES;
				CLANG_ENABLE_OBJC_ARC = YES;
				CLANG_ENABLE_OBJC_WEAK = YES;
				CLANG_WARN_BLOCK_CAPTURE_AUTORELEASING = YES;
				CLANG_WARN_BOOL_CONVERSION = YES;
				CLANG_WARN_COMMA = YES;
				CLANG_WARN_CONSTANT_CONVERSION = YES;
				CLANG_WARN_DEPRECATED_OBJC_IMPLEMENTATIONS = YES;
				CLANG_WARN_DIRECT_OBJC_ISA_USAGE = YES_ERROR;
				CLANG_WARN_DOCUMENTATION_COMMENTS = YES;
				CLANG_WARN_EMPTY_BODY = YES;
				CLANG_WARN_ENUM_CONVERSION = YES;
				CLANG_WARN_INFINITE_RECURSION = YES;
				CLANG_WARN_INT_CONVERSION = YES;
				CLANG_WARN_NON_LITERAL_NULL_CONVERSION = YES;
				CLANG_WARN_OBJC_IMPLICIT_RETAIN_SELF = YES;
				CLANG_WARN_OBJC_LITERAL_CONVERSION = YES;
				CLANG_WARN_OBJC_ROOT_CLASS = YES_ERROR;
				CLANG_WARN_QUOTED_INCLUDE_IN_FRAMEWORK_HEADER = YES;
				CLANG_WARN_RANGE_LOOP_ANALYSIS = YES;
				CLANG_WARN_STRICT_PROTOTYPES = YES;
				CLANG_WARN_SUSPICIOUS_MOVE = YES;
				CLANG_WARN_UNGUARDED_AVAILABILITY = YES_AGGRESSIVE;
				CLANG_WARN_UNREACHABLE_CODE = YES;
				CLANG_WARN__DUPLICATE_METHOD_MATCH = YES;
				COPY_PHASE_STRIP = NO;
				DEBUG_INFORMATION_FORMAT = "dwarf-with-dsym";
				DEVELOPMENT_TEAM = H82657DD25;
				ENABLE_NS_ASSERTIONS = NO;
				ENABLE_STRICT_OBJC_MSGSEND = YES;
				ENABLE_USER_SCRIPT_SANDBOXING = YES;
				GCC_C_LANGUAGE_STANDARD = gnu17;
				GCC_NO_COMMON_BLOCKS = YES;
				GCC_WARN_64_TO_32_BIT_CONVERSION = YES;
				GCC_WARN_ABOUT_RETURN_TYPE = YES_ERROR;
				GCC_WARN_UNDECLARED_SELECTOR = YES;
				GCC_WARN_UNINITIALIZED_AUTOS = YES_AGGRESSIVE;
				GCC_WARN_UNUSED_FUNCTION = YES;
				GCC_WARN_UNUSED_VARIABLE = YES;
				IPHONEOS_DEPLOYMENT_TARGET = 26.5;
				LOCALIZATION_PREFERS_STRING_CATALOGS = YES;
				MTL_ENABLE_DEBUG_INFO = NO;
				MTL_FAST_MATH = YES;
				SDKROOT = iphoneos;
				SWIFT_COMPILATION_MODE = wholemodule;
				VALIDATE_PRODUCT = YES;
			};
			name = Release;
		};
		4384B37A2FF1E56F00B04CD7 /* Debug */ = {
			isa = XCBuildConfiguration;
			buildSettings = {
				ASSETCATALOG_COMPILER_APPICON_NAME = AppIcon;
				ASSETCATALOG_COMPILER_GLOBAL_ACCENT_COLOR_NAME = AccentColor;
				CODE_SIGN_STYLE = Automatic;
				CURRENT_PROJECT_VERSION = 1;
				DEVELOPMENT_TEAM = H82657DD25;
				ENABLE_PREVIEWS = YES;
				GENERATE_INFOPLIST_FILE = YES;
				INFOPLIST_KEY_CFBundleDisplayName = PRAEVENTA;
				INFOPLIST_KEY_LSApplicationCategoryType = "public.app-category.education";
				INFOPLIST_KEY_UIApplicationSceneManifest_Generation = YES;
				INFOPLIST_KEY_UIApplicationSupportsIndirectInputEvents = YES;
				INFOPLIST_KEY_UILaunchScreen_Generation = YES;
				INFOPLIST_KEY_UISupportedInterfaceOrientations = UIInterfaceOrientationPortrait;
				LD_RUNPATH_SEARCH_PATHS = (
					"$(inherited)",
					"@executable_path/Frameworks",
				);
				MARKETING_VERSION = 1.0;
				PRODUCT_BUNDLE_IDENTIFIER = de.praeventa.app;
				PRODUCT_NAME = "$(TARGET_NAME)";
				STRING_CATALOG_GENERATE_SYMBOLS = YES;
				SWIFT_APPROACHABLE_CONCURRENCY = YES;
				SWIFT_DEFAULT_ACTOR_ISOLATION = MainActor;
				SWIFT_EMIT_LOC_STRINGS = YES;
				SWIFT_UPCOMING_FEATURE_MEMBER_IMPORT_VISIBILITY = YES;
				SWIFT_VERSION = 5.0;
				TARGETED_DEVICE_FAMILY = "1,2";
			};
			name = Debug;
		};
		4384B37B2FF1E56F00B04CD7 /* Release */ = {
			isa = XCBuildConfiguration;
			buildSettings = {
				ASSETCATALOG_COMPILER_APPICON_NAME = AppIcon;
				ASSETCATALOG_COMPILER_GLOBAL_ACCENT_COLOR_NAME = AccentColor;
				CODE_SIGN_STYLE = Automatic;
				CURRENT_PROJECT_VERSION = 1;
				DEVELOPMENT_TEAM = H82657DD25;
				ENABLE_PREVIEWS = YES;
				GENERATE_INFOPLIST_FILE = YES;
				INFOPLIST_KEY_CFBundleDisplayName = PRAEVENTA;
				INFOPLIST_KEY_LSApplicationCategoryType = "public.app-category.education";
				INFOPLIST_KEY_UIApplicationSceneManifest_Generation = YES;
				INFOPLIST_KEY_UIApplicationSupportsIndirectInputEvents = YES;
				INFOPLIST_KEY_UILaunchScreen_Generation = YES;
				INFOPLIST_KEY_UISupportedInterfaceOrientations = UIInterfaceOrientationPortrait;
				LD_RUNPATH_SEARCH_PATHS = (
					"$(inherited)",
					"@executable_path/Frameworks",
				);
				MARKETING_VERSION = 1.0;
				PRODUCT_BUNDLE_IDENTIFIER = de.praeventa.app;
				PRODUCT_NAME = "$(TARGET_NAME)";
				STRING_CATALOG_GENERATE_SYMBOLS = YES;
				SWIFT_APPROACHABLE_CONCURRENCY = YES;
				SWIFT_DEFAULT_ACTOR_ISOLATION = MainActor;
				SWIFT_EMIT_LOC_STRINGS = YES;
				SWIFT_UPCOMING_FEATURE_MEMBER_IMPORT_VISIBILITY = YES;
				SWIFT_VERSION = 5.0;
				TARGETED_DEVICE_FAMILY = "1,2";
			};
			name = Release;
		};
/* End XCBuildConfiguration section */

/* Begin XCConfigurationList section */
		4384B3692FF1E56E00B04CD7 /* Build configuration list for PBXProject "Erste Hilfe" */ = {
			isa = XCConfigurationList;
			buildConfigurations = (
				4384B3772FF1E56F00B04CD7 /* Debug */,
				4384B3782FF1E56F00B04CD7 /* Release */,
			);
			defaultConfigurationIsVisible = 0;
			defaultConfigurationName = Release;
		};
		4384B3792FF1E56F00B04CD7 /* Build configuration list for PBXNativeTarget "Erste Hilfe" */ = {
			isa = XCConfigurationList;
			buildConfigurations = (
				4384B37A2FF1E56F00B04CD7 /* Debug */,
				4384B37B2FF1E56F00B04CD7 /* Release */,
			);
			defaultConfigurationIsVisible = 0;
			defaultConfigurationName = Release;
		};
/* End XCConfigurationList section */
	};
	rootObject = 4384B3662FF1E56E00B04CD7 /* Project object */;
}
